
Microsoft Visual Studio Solution File, Format Version 12.00
# Visual Studio Version 16
VisualStudioVersion = 16.0.31729.503
MinimumVisualStudioVersion = 10.0.40219.1
Project("{FAE04EC0-301F-11D3-BF4B-00C04F79EFBC}") = "Blog", "Blog\Blog.csproj", "{48E603A8-9803-4A70-8986-954DB78D0E7B}"
EndProject
Project("{FAE04EC0-301F-11D3-BF4B-00C04F79EFBC}") = "DBRepository", "DBRepository\DBRepository.csproj", "{536A1D26-5AFF-49DC-9650-629A20BC18C3}"
EndProject
Project("{FAE04EC0-301F-11D3-BF4B-00C04F79EFBC}") = "Models", "Models\Models.csproj", "{C0D5555D-A974-4E41-B7E5-4370025BDA1C}"
EndProject
Global
	GlobalSection(SolutionConfigurationPlatforms) = preSolution
		Debug|Any CPU = Debug|Any CPU
		Release|Any CPU = Release|Any CPU
	EndGlobalSection
	GlobalSection(ProjectConfigurationPlatforms) = postSolution
		{48E603A8-9803-4A70-8986-954DB78D0E7B}.Debug|Any CPU.ActiveCfg = Debug|Any CPU
		{48E603A8-9803-4A70-8986-954DB78D0E7B}.Debug|Any CPU.Build.0 = Debug|Any CPU
		{48E603A8-9803-4A70-8986-954DB78D0E7B}.Release|Any CPU.ActiveCfg = Release|Any CPU
		{48E603A8-9803-4A70-8986-954DB78D0E7B}.Release|Any CPU.Build.0 = Release|Any CPU
		{536A1D26-5AFF-49DC-9650-629A20BC18C3}.Debug|Any CPU.ActiveCfg = Debug|Any CPU
		{536A1D26-5AFF-49DC-9650-629A20BC18C3}.Debug|Any CPU.Build.0 = Debug|Any CPU
		{536A1D26-5AFF-49DC-9650-629A20BC18C3}.Release|Any CPU.ActiveCfg = Release|Any CPU
		{536A1D26-5AFF-49DC-9650-629A20BC18C3}.Release|Any CPU.Build.0 = Release|Any CPU
		{C0D5555D-A974-4E41-B7E5-4370025BDA1C}.Debug|Any CPU.ActiveCfg = Debug|Any CPU
		{C0D5555D-A974-4E41-B7E5-4370025BDA1C}.Debug|Any CPU.Build.0 = Debug|Any CPU
		{C0D5555D-A974-4E41-B7E5-4370025BDA1C}.Release|Any CPU.ActiveCfg = Release|Any CPU
		{C0D5555D-A974-4E41-B7E5-4370025BDA1C}.Release|Any CPU.Build.0 = Release|Any CPU
	EndGlobalSection
	GlobalSection(SolutionProperties) = preSolution
		HideSolutionNode = FALSE
	EndGlobalSection
	GlobalSection(ExtensibilityGlobals) = postSolution
		SolutionGuid = {12D2367A-A94E-4FA0-BA01-ED878836E929}
	EndGlobalSection
EndGlobal
